// !$*UTF8*$!
{
	archiveVersion = 1;
	classes = {
	};
	objectVersion = 56;
	objects = {

/* Begin PBXBuildFile section */
		8D0E56062B90AE4100927F62 /* ProductDetailViewTests.swift in Sources */ = {isa = PBXBuildFile; fileRef = 8D0E56052B90AE4000927F62 /* ProductDetailViewTests.swift */; };
		8DCB4B012B9015D200C0A429 /* ChallengeApp.swift in Sources */ = {isa = PBXBuildFile; fileRef = 8DCB4B002B9015D200C0A429 /* ChallengeApp.swift */; };
		8DCB4B032B9015D200C0A429 /* ContentView.swift in Sources */ = {isa = PBXBuildFile; fileRef = 8DCB4B022B9015D200C0A429 /* ContentView.swift */; };
		8DCB4B052B9015D400C0A429 /* Assets.xcassets in Resources */ = {isa = PBXBuildFile; fileRef = 8DCB4B042B9015D400C0A429 /* Assets.xcassets */; };
		8DCB4B082B9015D400C0A429 /* Preview Assets.xcassets in Resources */ = {isa = PBXBuildFile; fileRef = 8DCB4B072B9015D400C0A429 /* Preview Assets.xcassets */; };
		8DCB4B1C2B9015D400C0A429 /* ChallengeUITests.swift in Sources */ = {isa = PBXBuildFile; fileRef = 8DCB4B1B2B9015D400C0A429 /* ChallengeUITests.swift */; };
		8DCB4B1E2B9015D400C0A429 /* ChallengeUITestsLaunchTests.swift in Sources */ = {isa = PBXBuildFile; fileRef = 8DCB4B1D2B9015D400C0A429 /* ChallengeUITestsLaunchTests.swift */; };
		8DCB4B2B2B9015F400C0A429 /* ProductAPIResponse.swift in Sources */ = {isa = PBXBuildFile; fileRef = 8DCB4B2A2B9015F400C0A429 /* ProductAPIResponse.swift */; };
		8DCB4B2D2B9016A200C0A429 /* SearchView.swift in Sources */ = {isa = PBXBuildFile; fileRef = 8DCB4B2C2B9016A200C0A429 /* SearchView.swift */; };
		8DCB4B2F2B9016C400C0A429 /* ResultsView.swift in Sources */ = {isa = PBXBuildFile; fileRef = 8DCB4B2E2B9016C400C0A429 /* ResultsView.swift */; };
		8DCB4B312B9016ED00C0A429 /* ProductDetailView.swift in Sources */ = {isa = PBXBuildFile; fileRef = 8DCB4B302B9016ED00C0A429 /* ProductDetailView.swift */; };
		8DCB4B352B901A8400C0A429 /* ProductService.swift in Sources */ = {isa = PBXBuildFile; fileRef = 8DCB4B342B901A8400C0A429 /* ProductService.swift */; };
		8DCB4B382B90210700C0A429 /* Utils.swift in Sources */ = {isa = PBXBuildFile; fileRef = 8DCB4B372B90210700C0A429 /* Utils.swift */; };
/* End PBXBuildFile section */

/* Begin PBXContainerItemProxy section */
		8DCB4B0E2B9015D400C0A429 /* PBXContainerItemProxy */ = {
			isa = PBXContainerItemProxy;
			containerPortal = 8DCB4AF52B9015D200C0A429 /* Project object */;
			proxyType = 1;
			remoteGlobalIDString = 8DCB4AFC2B9015D200C0A429;
			remoteInfo = Challenge;
		};
		8DCB4B182B9015D400C0A429 /* PBXContainerItemProxy */ = {
			isa = PBXContainerItemProxy;
			containerPortal = 8DCB4AF52B9015D200C0A429 /* Project object */;
			proxyType = 1;
			remoteGlobalIDString = 8DCB4AFC2B9015D200C0A429;
			remoteInfo = Challenge;
		};
/* End PBXContainerItemProxy section */

/* Begin PBXFileReference section */
		8D0E56052B90AE4000927F62 /* ProductDetailViewTests.swift */ = {isa = PBXFileReference; lastKnownFileType = sourcecode.swift; path = ProductDetailViewTests.swift; sourceTree = "<group>"; };
		8DCB4AFD2B9015D200C0A429 /* Challenge.app */ = {isa = PBXFileReference; explicitFileType = wrapper.application; includeInIndex = 0; path = Challenge.app; sourceTree = BUILT_PRODUCTS_DIR; };
		8DCB4B002B9015D200C0A429 /* ChallengeApp.swift */ = {isa = PBXFileReference; lastKnownFileType = sourcecode.swift; path = ChallengeApp.swift; sourceTree = "<group>"; };
		8DCB4B022B9015D200C0A429 /* ContentView.swift */ = {isa = PBXFileReference; lastKnownFileType = sourcecode.swift; path = ContentView.swift; sourceTree = "<group>"; };
		8DCB4B042B9015D400C0A429 /* Assets.xcassets */ = {isa = PBXFileReference; lastKnownFileType = folder.assetcatalog; path = Assets.xcassets; sourceTree = "<group>"; };
		8DCB4B072B9015D400C0A429 /* Preview Assets.xcassets */ = {isa = PBXFileReference; lastKnownFileType = folder.assetcatalog; path = "Preview Assets.xcassets"; sourceTree = "<group>"; };
		8DCB4B0D2B9015D400C0A429 /* ChallengeTests.xctest */ = {isa = PBXFileReference; explicitFileType = wrapper.cfbundle; includeInIndex = 0; path = ChallengeTests.xctest; sourceTree = BUILT_PRODUCTS_DIR; };
		8DCB4B172B9015D400C0A429 /* ChallengeUITests.xctest */ = {isa = PBXFileReference; explicitFileType = wrapper.cfbundle; includeInIndex = 0; path = ChallengeUITests.xctest; sourceTree = BUILT_PRODUCTS_DIR; };
		8DCB4B1B2B9015D400C0A429 /* ChallengeUITests.swift */ = {isa = PBXFileReference; lastKnownFileType = sourcecode.swift; path = ChallengeUITests.swift; sourceTree = "<group>"; };
		8DCB4B1D2B9015D400C0A429 /* ChallengeUITestsLaunchTests.swift */ = {isa = PBXFileReference; lastKnownFileType = sourcecode.swift; path = ChallengeUITestsLaunchTests.swift; sourceTree = "<group>"; };
		8DCB4B2A2B9015F400C0A429 /* ProductAPIResponse.swift */ = {isa = PBXFileReference; lastKnownFileType = sourcecode.swift; path = ProductAPIResponse.swift; sourceTree = "<group>"; };
		8DCB4B2C2B9016A200C0A429 /* SearchView.swift */ = {isa = PBXFileReference; lastKnownFileType = sourcecode.swift; path = SearchView.swift; sourceTree = "<group>"; };
		8DCB4B2E2B9016C400C0A429 /* ResultsView.swift */ = {isa = PBXFileReference; lastKnownFileType = sourcecode.swift; path = ResultsView.swift; sourceTree = "<group>"; };
		8DCB4B302B9016ED00C0A429 /* ProductDetailView.swift */ = {isa = PBXFileReference; lastKnownFileType = sourcecode.swift; path = ProductDetailView.swift; sourceTree = "<group>"; };
		8DCB4B342B901A8400C0A429 /* ProductService.swift */ = {isa = PBXFileReference; lastKnownFileType = sourcecode.swift; path = ProductService.swift; sourceTree = "<group>"; };
		8DCB4B372B90210700C0A429 /* Utils.swift */ = {isa = PBXFileReference; lastKnownFileType = sourcecode.swift; path = Utils.swift; sourceTree = "<group>"; };
		8DCB4B392B9024F300C0A429 /* Info.plist */ = {isa = PBXFileReference; lastKnownFileType = text.plist; path = Info.plist; sourceTree = "<group>"; };
/* End PBXFileReference section */

/* Begin PBXFrameworksBuildPhase section */
		8DCB4AFA2B9015D200C0A429 /* Frameworks */ = {
			isa = PBXFrameworksBuildPhase;
			buildActionMask = 2147483647;
			files = (
			);
			runOnlyForDeploymentPostprocessing = 0;
		};
		8DCB4B0A2B9015D400C0A429 /* Frameworks */ = {
			isa = PBXFrameworksBuildPhase;
			buildActionMask = 2147483647;
			files = (
			);
			runOnlyForDeploymentPostprocessing = 0;
		};
		8DCB4B142B9015D400C0A429 /* Frameworks */ = {
			isa = PBXFrameworksBuildPhase;
			buildActionMask = 2147483647;
			files = (
			);
			runOnlyForDeploymentPostprocessing = 0;
		};
/* End PBXFrameworksBuildPhase section */

/* Begin PBXGroup section */
		8D0E56072B90E8B200927F62 /* Entities */ = {
			isa = PBXGroup;
			children = (
				8DCB4B2A2B9015F400C0A429 /* ProductAPIResponse.swift */,
			);
			path = Entities;
			sourceTree = "<group>";
		};
		8DCB4AF42B9015D200C0A429 = {
			isa = PBXGroup;
			children = (
				8DCB4AFF2B9015D200C0A429 /* Challenge */,
				8DCB4B102B9015D400C0A429 /* ChallengeTests */,
				8DCB4B1A2B9015D400C0A429 /* ChallengeUITests */,
				8DCB4AFE2B9015D200C0A429 /* Products */,
			);
			sourceTree = "<group>";
		};
		8DCB4AFE2B9015D200C0A429 /* Products */ = {
			isa = PBXGroup;
			children = (
				8DCB4AFD2B9015D200C0A429 /* Challenge.app */,
				8DCB4B0D2B9015D400C0A429 /* ChallengeTests.xctest */,
				8DCB4B172B9015D400C0A429 /* ChallengeUITests.xctest */,
			);
			name = Products;
			sourceTree = "<group>";
		};
		8DCB4AFF2B9015D200C0A429 /* Challenge */ = {
			isa = PBXGroup;
			children = (
				8D0E56072B90E8B200927F62 /* Entities */,
				8DCB4B392B9024F300C0A429 /* Info.plist */,
				8DCB4B362B9020FA00C0A429 /* Utils */,
				8DCB4B332B901A7200C0A429 /* Network */,
				8DCB4B002B9015D200C0A429 /* ChallengeApp.swift */,
				8DCB4B022B9015D200C0A429 /* ContentView.swift */,
				8DCB4B042B9015D400C0A429 /* Assets.xcassets */,
				8DCB4B062B9015D400C0A429 /* Preview Content */,
				8DCB4B322B90199600C0A429 /* Views */,
			);
			path = Challenge;
			sourceTree = "<group>";
		};
		8DCB4B062B9015D400C0A429 /* Preview Content */ = {
			isa = PBXGroup;
			children = (
				8DCB4B072B9015D400C0A429 /* Preview Assets.xcassets */,
			);
			path = "Preview Content";
			sourceTree = "<group>";
		};
		8DCB4B102B9015D400C0A429 /* ChallengeTests */ = {
			isa = PBXGroup;
			children = (
				8D0E56052B90AE4000927F62 /* ProductDetailViewTests.swift */,
			);
			path = ChallengeTests;
			sourceTree = "<group>";
		};
		8DCB4B1A2B9015D400C0A429 /* ChallengeUITests */ = {
			isa = PBXGroup;
			children = (
				8DCB4B1B2B9015D400C0A429 /* ChallengeUITests.swift */,
				8DCB4B1D2B9015D400C0A429 /* ChallengeUITestsLaunchTests.swift */,
			);
			path = ChallengeUITests;
			sourceTree = "<group>";
		};
		8DCB4B322B90199600C0A429 /* Views */ = {
			isa = PBXGroup;
			children = (
				8DCB4B2C2B9016A200C0A429 /* SearchView.swift */,
				8DCB4B302B9016ED00C0A429 /* ProductDetailView.swift */,
				8DCB4B2E2B9016C400C0A429 /* ResultsView.swift */,
			);
			path = Views;
			sourceTree = "<group>";
		};
		8DCB4B332B901A7200C0A429 /* Network */ = {
			isa = PBXGroup;
			children = (
				8DCB4B342B901A8400C0A429 /* ProductService.swift */,
			);
			path = Network;
			sourceTree = "<group>";
		};
		8DCB4B362B9020FA00C0A429 /* Utils */ = {
			isa = PBXGroup;
			children = (
				8DCB4B372B90210700C0A429 /* Utils.swift */,
			);
			path = Utils;
			sourceTree = "<group>";
		};
/* End PBXGroup section */

/* Begin PBXNativeTarget section */
		8DCB4AFC2B9015D200C0A429 /* Challenge */ = {
			isa = PBXNativeTarget;
			buildConfigurationList = 8DCB4B212B9015D400C0A429 /* Build configuration list for PBXNativeTarget "Challenge" */;
			buildPhases = (
				8DCB4AF92B9015D200C0A429 /* Sources */,
				8DCB4AFA2B9015D200C0A429 /* Frameworks */,
				8DCB4AFB2B9015D200C0A429 /* Resources */,
			);
			buildRules = (
			);
			dependencies = (
			);
			name = Challenge;
			productName = Challenge;
			productReference = 8DCB4AFD2B9015D200C0A429 /* Challenge.app */;
			productType = "com.apple.product-type.application";
		};
		8DCB4B0C2B9015D400C0A429 /* ChallengeTests */ = {
			isa = PBXNativeTarget;
			buildConfigurationList = 8DCB4B242B9015D400C0A429 /* Build configuration list for PBXNativeTarget "ChallengeTests" */;
			buildPhases = (
				8DCB4B092B9015D400C0A429 /* Sources */,
				8DCB4B0A2B9015D400C0A429 /* Frameworks */,
				8DCB4B0B2B9015D400C0A429 /* Resources */,
			);
			buildRules = (
			);
			dependencies = (
				8DCB4B0F2B9015D400C0A429 /* PBXTargetDependency */,
			);
			name = ChallengeTests;
			productName = ChallengeTests;
			productReference = 8DCB4B0D2B9015D400C0A429 /* ChallengeTests.xctest */;
			productType = "com.apple.product-type.bundle.unit-test";
		};
		8DCB4B162B9015D400C0A429 /* ChallengeUITests */ = {
			isa = PBXNativeTarget;
			buildConfigurationList = 8DCB4B272B9015D400C0A429 /* Build configuration list for PBXNativeTarget "ChallengeUITests" */;
			buildPhases = (
				8DCB4B132B9015D400C0A429 /* Sources */,
				8DCB4B142B9015D400C0A429 /* Frameworks */,
				8DCB4B152B9015D400C0A429 /* Resources */,
			);
			buildRules = (
			);
			dependencies = (
				8DCB4B192B9015D400C0A429 /* PBXTargetDependency */,
			);
			name = ChallengeUITests;
			productName = ChallengeUITests;
			productReference = 8DCB4B172B9015D400C0A429 /* ChallengeUITests.xctest */;
			productType = "com.apple.product-type.bundle.ui-testing";
		};
/* End PBXNativeTarget section */

/* Begin PBXProject section */
		8DCB4AF52B9015D200C0A429 /* Project object */ = {
			isa = PBXProject;
			attributes = {
				BuildIndependentTargetsInParallel = 1;
				LastSwiftUpdateCheck = 1510;
				LastUpgradeCheck = 1510;
				TargetAttributes = {
					8DCB4AFC2B9015D200C0A429 = {
						CreatedOnToolsVersion = 15.1;
					};
					8DCB4B0C2B9015D400C0A429 = {
						CreatedOnToolsVersion = 15.1;
						TestTargetID = 8DCB4AFC2B9015D200C0A429;
					};
					8DCB4B162B9015D400C0A429 = {
						CreatedOnToolsVersion = 15.1;
						TestTargetID = 8DCB4AFC2B9015D200C0A429;
					};
				};
			};
			buildConfigurationList = 8DCB4AF82B9015D200C0A429 /* Build configuration list for PBXProject "Challenge" */;
			compatibilityVersion = "Xcode 14.0";
			developmentRegion = en;
			hasScannedForEncodings = 0;
			knownRegions = (
				en,
				Base,
			);
			mainGroup = 8DCB4AF42B9015D200C0A429;
			productRefGroup = 8DCB4AFE2B9015D200C0A429 /* Products */;
			projectDirPath = "";
			projectRoot = "";
			targets = (
				8DCB4AFC2B9015D200C0A429 /* Challenge */,
				8DCB4B0C2B9015D400C0A429 /* ChallengeTests */,
				8DCB4B162B9015D400C0A429 /* ChallengeUITests */,
			);
		};
/* End PBXProject section */

/* Begin PBXResourcesBuildPhase section */
		8DCB4AFB2B9015D200C0A429 /* Resources */ = {
			isa = PBXResourcesBuildPhase;
			buildActionMask = 2147483647;
			files = (
				8DCB4B082B9015D400C0A429 /* Preview Assets.xcassets in Resources */,
				8DCB4B052B9015D400C0A429 /* Assets.xcassets in Resources */,
			);
			runOnlyForDeploymentPostprocessing = 0;
		};
		8DCB4B0B2B9015D400C0A429 /* Resources */ = {
			isa = PBXResourcesBuildPhase;
			buildActionMask = 2147483647;
			files = (
			);
			runOnlyForDeploymentPostprocessing = 0;
		};
		8DCB4B152B9015D400C0A429 /* Resources */ = {
			isa = PBXResourcesBuildPhase;
			buildActionMask = 2147483647;
			files = (
			);
			runOnlyForDeploymentPostprocessing = 0;
		};
/* End PBXResourcesBuildPhase section */

/* Begin PBXSourcesBuildPhase section */
		8DCB4AF92B9015D200C0A429 /* Sources */ = {
			isa = PBXSourcesBuildPhase;
			buildActionMask = 2147483647;
			files = (
				8DCB4B2D2B9016A200C0A429 /* SearchView.swift in Sources */,
				8DCB4B032B9015D200C0A429 /* ContentView.swift in Sources */,
				8DCB4B012B9015D200C0A429 /* ChallengeApp.swift in Sources */,
				8DCB4B352B901A8400C0A429 /* ProductService.swift in Sources */,
				8DCB4B2F2B9016C400C0A429 /* ResultsView.swift in Sources */,
				8DCB4B2B2B9015F400C0A429 /* ProductAPIResponse.swift in Sources */,
				8DCB4B382B90210700C0A429 /* Utils.swift in Sources */,
				8DCB4B312B9016ED00C0A429 /* ProductDetailView.swift in Sources */,
			);
			runOnlyForDeploymentPostprocessing = 0;
		};
		8DCB4B092B9015D400C0A429 /* Sources */ = {
			isa = PBXSourcesBuildPhase;
			buildActionMask = 2147483647;
			files = (
				8D0E56062B90AE4100927F62 /* ProductDetailViewTests.swift in Sources */,
			);
			runOnlyForDeploymentPostprocessing = 0;
		};
		8DCB4B132B9015D400C0A429 /* Sources */ = {
			isa = PBXSourcesBuildPhase;
			buildActionMask = 2147483647;
			files = (
				8DCB4B1E2B9015D400C0A429 /* ChallengeUITestsLaunchTests.swift in Sources */,
				8DCB4B1C2B9015D400C0A429 /* ChallengeUITests.swift in Sources */,
			);
			runOnlyForDeploymentPostprocessing = 0;
		};
/* End PBXSourcesBuildPhase section */

/* Begin PBXTargetDependency section */
		8DCB4B0F2B9015D400C0A429 /* PBXTargetDependency */ = {
			isa = PBXTargetDependency;
			target = 8DCB4AFC2B9015D200C0A429 /* Challenge */;
			targetProxy = 8DCB4B0E2B9015D400C0A429 /* PBXContainerItemProxy */;
		};
		8DCB4B192B9015D400C0A429 /* PBXTargetDependency */ = {
			isa = PBXTargetDependency;
			target = 8DCB4AFC2B9015D200C0A429 /* Challenge */;
			targetProxy = 8DCB4B182B9015D400C0A429 /* PBXContainerItemProxy */;
		};
/* End PBXTargetDependency section */

/* Begin XCBuildConfiguration section */
		8DCB4B1F2B9015D400C0A429 /* Debug */ = {
			isa = XCBuildConfiguration;
			buildSettings = {
				ALWAYS_SEARCH_USER_PATHS = NO;
				ASSETCATALOG_COMPILER_GENERATE_SWIFT_ASSET_SYMBOL_EXTENSIONS = YES;
				CLANG_ANALYZER_NONNULL = YES;
				CLANG_ANALYZER_NUMBER_OBJECT_CONVERSION = YES_AGGRESSIVE;
				CLANG_CXX_LANGUAGE_STANDARD = "gnu++20";
				CLANG_ENABLE_MODULES = YES;
				CLANG_ENABLE_OBJC_ARC = YES;
				CLANG_ENABLE_OBJC_WEAK = YES;
				CLANG_WARN_BLOCK_CAPTURE_AUTORELEASING = YES;
				CLANG_WARN_BOOL_CONVERSION = YES;
				CLANG_WARN_COMMA = YES;
				CLANG_WARN_CONSTANT_CONVERSION = YES;
				CLANG_WARN_DEPRECATED_OBJC_IMPLEMENTATIONS = YES;
				CLANG_WARN_DIRECT_OBJC_ISA_USAGE = YES_ERROR;
				CLANG_WARN_DOCUMENTATION_COMMENTS = YES;
				CLANG_WARN_EMPTY_BODY = YES;
				CLANG_WARN_ENUM_CONVERSION = YES;
				CLANG_WARN_INFINITE_RECURSION = YES;
				CLANG_WARN_INT_CONVERSION = YES;
				CLANG_WARN_NON_LITERAL_NULL_CONVERSION = YES;
				CLANG_WARN_OBJC_IMPLICIT_RETAIN_SELF = YES;
				CLANG_WARN_OBJC_LITERAL_CONVERSION = YES;
				CLANG_WARN_OBJC_ROOT_CLASS = YES_ERROR;
				CLANG_WARN_QUOTED_INCLUDE_IN_FRAMEWORK_HEADER = YES;
				CLANG_WARN_RANGE_LOOP_ANALYSIS = YES;
				CLANG_WARN_STRICT_PROTOTYPES = YES;
				CLANG_WARN_SUSPICIOUS_MOVE = YES;
				CLANG_WARN_UNGUARDED_AVAILABILITY = YES_AGGRESSIVE;
				CLANG_WARN_UNREACHABLE_CODE = YES;
				CLANG_WARN__DUPLICATE_METHOD_MATCH = YES;
				COPY_PHASE_STRIP = NO;
				DEBUG_INFORMATION_FORMAT = dwarf;
				ENABLE_STRICT_OBJC_MSGSEND = YES;
				ENABLE_TESTABILITY = YES;
				ENABLE_USER_SCRIPT_SANDBOXING = YES;
				GCC_C_LANGUAGE_STANDARD = gnu17;
				GCC_DYNAMIC_NO_PIC = NO;
				GCC_NO_COMMON_BLOCKS = YES;
				GCC_OPTIMIZATION_LEVEL = 0;
				GCC_PREPROCESSOR_DEFINITIONS = (
					"DEBUG=1",
					"$(inherited)",
				);
				GCC_WARN_64_TO_32_BIT_CONVERSION = YES;
				GCC_WARN_ABOUT_RETURN_TYPE = YES_ERROR;
				GCC_WARN_UNDECLARED_SELECTOR = YES;
				GCC_WARN_UNINITIALIZED_AUTOS = YES_AGGRESSIVE;
				GCC_WARN_UNUSED_FUNCTION = YES;
				GCC_WARN_UNUSED_VARIABLE = YES;
				IPHONEOS_DEPLOYMENT_TARGET = 17.2;
				LOCALIZATION_PREFERS_STRING_CATALOGS = YES;
				MTL_ENABLE_DEBUG_INFO = INCLUDE_SOURCE;
				MTL_FAST_MATH = YES;
				ONLY_ACTIVE_ARCH = YES;
				SDKROOT = iphoneos;
				SWIFT_ACTIVE_COMPILATION_CONDITIONS = "DEBUG $(inherited)";
				SWIFT_OPTIMIZATION_LEVEL = "-Onone";
			};
			name = Debug;
		};
		8DCB4B202B9015D400C0A429 /* Release */ = {
			isa = XCBuildConfiguration;
			buildSettings = {
				ALWAYS_SEARCH_USER_PATHS = NO;
				ASSETCATALOG_COMPILER_GENERATE_SWIFT_ASSET_SYMBOL_EXTENSIONS = YES;
				CLANG_ANALYZER_NONNULL = YES;
				CLANG_ANALYZER_NUMBER_OBJECT_CONVERSION = YES_AGGRESSIVE;
				CLANG_CXX_LANGUAGE_STANDARD = "gnu++20";
				CLANG_ENABLE_MODULES = YES;
				CLANG_ENABLE_OBJC_ARC = YES;
				CLANG_ENABLE_OBJC_WEAK = YES;
				CLANG_WARN_BLOCK_CAPTURE_AUTORELEASING = YES;
				CLANG_WARN_BOOL_CONVERSION = YES;
				CLANG_WARN_COMMA = YES;
				CLANG_WARN_CONSTANT_CONVERSION = YES;
				CLANG_WARN_DEPRECATED_OBJC_IMPLEMENTATIONS = YES;
				CLANG_WARN_DIRECT_OBJC_ISA_USAGE = YES_ERROR;
				CLANG_WARN_DOCUMENTATION_COMMENTS = YES;
				CLANG_WARN_EMPTY_BODY = YES;
				CLANG_WARN_ENUM_CONVERSION = YES;
				CLANG_WARN_INFINITE_RECURSION = YES;
				CLANG_WARN_INT_CONVERSION = YES;
				CLANG_WARN_NON_LITERAL_NULL_CONVERSION = YES;
				CLANG_WARN_OBJC_IMPLICIT_RETAIN_SELF = YES;
				CLANG_WARN_OBJC_LITERAL_CONVERSION = YES;
				CLANG_WARN_OBJC_ROOT_CLASS = YES_ERROR;
				CLANG_WARN_QUOTED_INCLUDE_IN_FRAMEWORK_HEADER = YES;
				CLANG_WARN_RANGE_LOOP_ANALYSIS = YES;
				CLANG_WARN_STRICT_PROTOTYPES = YES;
				CLANG_WARN_SUSPICIOUS_MOVE = YES;
				CLANG_WARN_UNGUARDED_AVAILABILITY = YES_AGGRESSIVE;
				CLANG_WARN_UNREACHABLE_CODE = YES;
				CLANG_WARN__DUPLICATE_METHOD_MATCH = YES;
				COPY_PHASE_STRIP = NO;
				DEBUG_INFORMATION_FORMAT = "dwarf-with-dsym";
				ENABLE_NS_ASSERTIONS = NO;
				ENABLE_STRICT_OBJC_MSGSEND = YES;
				ENABLE_USER_SCRIPT_SANDBOXING = YES;
				GCC_C_LANGUAGE_STANDARD = gnu17;
				GCC_NO_COMMON_BLOCKS = YES;
				GCC_WARN_64_TO_32_BIT_CONVERSION = YES;
				GCC_WARN_ABOUT_RETURN_TYPE = YES_ERROR;
				GCC_WARN_UNDECLARED_SELECTOR = YES;
				GCC_WARN_UNINITIALIZED_AUTOS = YES_AGGRESSIVE;
				GCC_WARN_UNUSED_FUNCTION = YES;
				GCC_WARN_UNUSED_VARIABLE = YES;
				IPHONEOS_DEPLOYMENT_TARGET = 17.2;
				LOCALIZATION_PREFERS_STRING_CATALOGS = YES;
				MTL_ENABLE_DEBUG_INFO = NO;
				MTL_FAST_MATH = YES;
				SDKROOT = iphoneos;
				SWIFT_COMPILATION_MODE = wholemodule;
				VALIDATE_PRODUCT = YES;
			};
			name = Release;
		};
		8DCB4B222B9015D400C0A429 /* Debug */ = {
			isa = XCBuildConfiguration;
			buildSettings = {
				ASSETCATALOG_COMPILER_APPICON_NAME = AppIcon;
				ASSETCATALOG_COMPILER_GLOBAL_ACCENT_COLOR_NAME = AccentColor;
				CODE_SIGN_STYLE = Automatic;
				CURRENT_PROJECT_VERSION = 1;
				DEVELOPMENT_ASSET_PATHS = "\"Challenge/Preview Content\"";
				ENABLE_PREVIEWS = YES;
				GENERATE_INFOPLIST_FILE = YES;
				INFOPLIST_FILE = Challenge/Info.plist;
				INFOPLIST_KEY_UIApplicationSceneManifest_Generation = YES;
				INFOPLIST_KEY_UIApplicationSupportsIndirectInputEvents = YES;
				INFOPLIST_KEY_UILaunchScreen_Generation = YES;
				INFOPLIST_KEY_UISupportedInterfaceOrientations_iPad = "UIInterfaceOrientationPortrait UIInterfaceOrientationPortraitUpsideDown UIInterfaceOrientationLandscapeLeft UIInterfaceOrientationLandscapeRight";
				INFOPLIST_KEY_UISupportedInterfaceOrientations_iPhone = "UIInterfaceOrientationPortrait UIInterfaceOrientationLandscapeLeft UIInterfaceOrientationLandscapeRight";
				LD_RUNPATH_SEARCH_PATHS = (
					"$(inherited)",
					"@executable_path/Frameworks",
				);
				MARKETING_VERSION = 1.0;
				PRODUCT_BUNDLE_IDENTIFIER = lucasbenitez.Challenge;
				PRODUCT_NAME = "$(TARGET_NAME)";
				SWIFT_EMIT_LOC_STRINGS = YES;
				SWIFT_VERSION = 5.0;
				TARGETED_DEVICE_FAMILY = "1,2";
			};
			name = Debug;
		};
		8DCB4B232B9015D400C0A429 /* Release */ = {
			isa = XCBuildConfiguration;
			buildSettings = {
				ASSETCATALOG_COMPILER_APPICON_NAME = AppIcon;
				ASSETCATALOG_COMPILER_GLOBAL_ACCENT_COLOR_NAME = AccentColor;
				CODE_SIGN_STYLE = Automatic;
				CURRENT_PROJECT_VERSION = 1;
				DEVELOPMENT_ASSET_PATHS = "\"Challenge/Preview Content\"";
				ENABLE_PREVIEWS = YES;
				GENERATE_INFOPLIST_FILE = YES;
				INFOPLIST_FILE = Challenge/Info.plist;
				INFOPLIST_KEY_UIApplicationSceneManifest_Generation = YES;
				INFOPLIST_KEY_UIApplicationSupportsIndirectInputEvents = YES;
				INFOPLIST_KEY_UILaunchScreen_Generation = YES;
				INFOPLIST_KEY_UISupportedInterfaceOrientations_iPad = "UIInterfaceOrientationPortrait UIInterfaceOrientationPortraitUpsideDown UIInterfaceOrientationLandscapeLeft UIInterfaceOrientationLandscapeRight";
				INFOPLIST_KEY_UISupportedInterfaceOrientations_iPhone = "UIInterfaceOrientationPortrait UIInterfaceOrientationLandscapeLeft UIInterfaceOrientationLandscapeRight";
				LD_RUNPATH_SEARCH_PATHS = (
					"$(inherited)",
					"@executable_path/Frameworks",
				);
				MARKETING_VERSION = 1.0;
				PRODUCT_BUNDLE_IDENTIFIER = lucasbenitez.Challenge;
				PRODUCT_NAME = "$(TARGET_NAME)";
				SWIFT_EMIT_LOC_STRINGS = YES;
				SWIFT_VERSION = 5.0;
				TARGETED_DEVICE_FAMILY = "1,2";
			};
			name = Release;
		};
		8DCB4B252B9015D400C0A429 /* Debug */ = {
			isa = XCBuildConfiguration;
			buildSettings = {
				ALWAYS_EMBED_SWIFT_STANDARD_LIBRARIES = YES;
				BUNDLE_LOADER = "$(TEST_HOST)";
				CODE_SIGN_STYLE = Automatic;
				CURRENT_PROJECT_VERSION = 1;
				GENERATE_INFOPLIST_FILE = YES;
				IPHONEOS_DEPLOYMENT_TARGET = 17.2;
				MARKETING_VERSION = 1.0;
				PRODUCT_BUNDLE_IDENTIFIER = lucasbenitez.ChallengeTests;
				PRODUCT_NAME = "$(TARGET_NAME)";
				SWIFT_EMIT_LOC_STRINGS = NO;
				SWIFT_VERSION = 5.0;
				TARGETED_DEVICE_FAMILY = "1,2";
				TEST_HOST = "$(BUILT_PRODUCTS_DIR)/Challenge.app/$(BUNDLE_EXECUTABLE_FOLDER_PATH)/Challenge";
			};
			name = Debug;
		};
		8DCB4B262B9015D400C0A429 /* Release */ = {
			isa = XCBuildConfiguration;
			buildSettings = {
				ALWAYS_EMBED_SWIFT_STANDARD_LIBRARIES = YES;
				BUNDLE_LOADER = "$(TEST_HOST)";
				CODE_SIGN_STYLE = Automatic;
				CURRENT_PROJECT_VERSION = 1;
				GENERATE_INFOPLIST_FILE = YES;
				IPHONEOS_DEPLOYMENT_TARGET = 17.2;
				MARKETING_VERSION = 1.0;
				PRODUCT_BUNDLE_IDENTIFIER = lucasbenitez.ChallengeTests;
				PRODUCT_NAME = "$(TARGET_NAME)";
				SWIFT_EMIT_LOC_STRINGS = NO;
				SWIFT_VERSION = 5.0;
				TARGETED_DEVICE_FAMILY = "1,2";
				TEST_HOST = "$(BUILT_PRODUCTS_DIR)/Challenge.app/$(BUNDLE_EXECUTABLE_FOLDER_PATH)/Challenge";
			};
			name = Release;
		};
		8DCB4B282B9015D400C0A429 /* Debug */ = {
			isa = XCBuildConfiguration;
			buildSettings = {
				ALWAYS_EMBED_SWIFT_STANDARD_LIBRARIES = YES;
				CODE_SIGN_STYLE = Automatic;
				CURRENT_PROJECT_VERSION = 1;
				GENERATE_INFOPLIST_FILE = YES;
				MARKETING_VERSION = 1.0;
				PRODUCT_BUNDLE_IDENTIFIER = lucasbenitez.ChallengeUITests;
				PRODUCT_NAME = "$(TARGET_NAME)";
				SWIFT_EMIT_LOC_STRINGS = NO;
				SWIFT_VERSION = 5.0;
				TARGETED_DEVICE_FAMILY = "1,2";
				TEST_TARGET_NAME = Challenge;
			};
			name = Debug;
		};
		8DCB4B292B9015D400C0A429 /* Release */ = {
			isa = XCBuildConfiguration;
			buildSettings = {
				ALWAYS_EMBED_SWIFT_STANDARD_LIBRARIES = YES;
				CODE_SIGN_STYLE = Automatic;
				CURRENT_PROJECT_VERSION = 1;
				GENERATE_INFOPLIST_FILE = YES;
				MARKETING_VERSION = 1.0;
				PRODUCT_BUNDLE_IDENTIFIER = lucasbenitez.ChallengeUITests;
				PRODUCT_NAME = "$(TARGET_NAME)";
				SWIFT_EMIT_LOC_STRINGS = NO;
				SWIFT_VERSION = 5.0;
				TARGETED_DEVICE_FAMILY = "1,2";
				TEST_TARGET_NAME = Challenge;
			};
			name = Release;
		};
/* End XCBuildConfiguration section */

/* Begin XCConfigurationList section */
		8DCB4AF82B9015D200C0A429 /* Build configuration list for PBXProject "Challenge" */ = {
			isa = XCConfigurationList;
			buildConfigurations = (
				8DCB4B1F2B9015D400C0A429 /* Debug */,
				8DCB4B202B9015D400C0A429 /* Release */,
			);
			defaultConfigurationIsVisible = 0;
			defaultConfigurationName = Release;
		};
		8DCB4B212B9015D400C0A429 /* Build configuration list for PBXNativeTarget "Challenge" */ = {
			isa = XCConfigurationList;
			buildConfigurations = (
				8DCB4B222B9015D400C0A429 /* Debug */,
				8DCB4B232B9015D400C0A429 /* Release */,
			);
			defaultConfigurationIsVisible = 0;
			defaultConfigurationName = Release;
		};
		8DCB4B242B9015D400C0A429 /* Build configuration list for PBXNativeTarget "ChallengeTests" */ = {
			isa = XCConfigurationList;
			buildConfigurations = (
				8DCB4B252B9015D400C0A429 /* Debug */,
				8DCB4B262B9015D400C0A429 /* Release */,
			);
			defaultConfigurationIsVisible = 0;
			defaultConfigurationName = Release;
		};
		8DCB4B272B9015D400C0A429 /* Build configuration list for PBXNativeTarget "ChallengeUITests" */ = {
			isa = XCConfigurationList;
			buildConfigurations = (
				8DCB4B282B9015D400C0A429 /* Debug */,
				8DCB4B292B9015D400C0A429 /* Release */,
			);
			defaultConfigurationIsVisible = 0;
			defaultConfigurationName = Release;
		};
/* End XCConfigurationList section */
	};
	rootObject = 8DCB4AF52B9015D200C0A429 /* Project object */;
}
